// !$*UTF8*$!
{
	archiveVersion = 1;
	classes = {
	};
	objectVersion = 56;
	objects = {

/* Begin PBXBuildFile section */
		3A7E3DF02C24162400331BED /* Model.swift in Sources */ = {isa = PBXBuildFile; fileRef = 3A7E3DEF2C24162400331BED /* Model.swift */; };
		3A7E3DF32C24176500331BED /* Color+Extension.swift in Sources */ = {isa = PBXBuildFile; fileRef = 3A7E3DF22C24176500331BED /* Color+Extension.swift */; };
		3A7E3DF52C241BA500331BED /* TaskListView.swift in Sources */ = {isa = PBXBuildFile; fileRef = 3A7E3DF42C241BA500331BED /* TaskListView.swift */; };
		3A7E3DF72C24231800331BED /* AddTaskView.swift in Sources */ = {isa = PBXBuildFile; fileRef = 3A7E3DF62C24231800331BED /* AddTaskView.swift */; };
		3A7E3DF92C24359800331BED /* ViewModel.swift in Sources */ = {isa = PBXBuildFile; fileRef = 3A7E3DF82C24359800331BED /* ViewModel.swift */; };
		3ABA58102C24133000AC3451 /* TaskApp.swift in Sources */ = {isa = PBXBuildFile; fileRef = 3ABA580F2C24133000AC3451 /* TaskApp.swift */; };
		3ABA58122C24133000AC3451 /* ContentView.swift in Sources */ = {isa = PBXBuildFile; fileRef = 3ABA58112C24133000AC3451 /* ContentView.swift */; };
		3ABA58142C24134600AC3451 /* Assets.xcassets in Resources */ = {isa = PBXBuildFile; fileRef = 3ABA58132C24134600AC3451 /* Assets.xcassets */; };
		3ABA58172C24134600AC3451 /* Preview Assets.xcassets in Resources */ = {isa = PBXBuildFile; fileRef = 3ABA58162C24134600AC3451 /* Preview Assets.xcassets */; };
/* End PBXBuildFile section */

/* Begin PBXFileReference section */
		3A7E3DEF2C24162400331BED /* Model.swift */ = {isa = PBXFileReference; lastKnownFileType = sourcecode.swift; path = Model.swift; sourceTree = "<group>"; };
		3A7E3DF22C24176500331BED /* Color+Extension.swift */ = {isa = PBXFileReference; lastKnownFileType = sourcecode.swift; path = "Color+Extension.swift"; sourceTree = "<group>"; };
		3A7E3DF42C241BA500331BED /* TaskListView.swift */ = {isa = PBXFileReference; lastKnownFileType = sourcecode.swift; path = TaskListView.swift; sourceTree = "<group>"; };
		3A7E3DF62C24231800331BED /* AddTaskView.swift */ = {isa = PBXFileReference; lastKnownFileType = sourcecode.swift; path = AddTaskView.swift; sourceTree = "<group>"; };
		3A7E3DF82C24359800331BED /* ViewModel.swift */ = {isa = PBXFileReference; lastKnownFileType = sourcecode.swift; path = ViewModel.swift; sourceTree = "<group>"; };
		3ABA580C2C24133000AC3451 /* Task.app */ = {isa = PBXFileReference; explicitFileType = wrapper.application; includeInIndex = 0; path = Task.app; sourceTree = BUILT_PRODUCTS_DIR; };
		3ABA580F2C24133000AC3451 /* TaskApp.swift */ = {isa = PBXFileReference; lastKnownFileType = sourcecode.swift; path = TaskApp.swift; sourceTree = "<group>"; };
		3ABA58112C24133000AC3451 /* ContentView.swift */ = {isa = PBXFileReference; lastKnownFileType = sourcecode.swift; path = ContentView.swift; sourceTree = "<group>"; };
		3ABA58132C24134600AC3451 /* Assets.xcassets */ = {isa = PBXFileReference; lastKnownFileType = folder.assetcatalog; path = Assets.xcassets; sourceTree = "<group>"; };
		3ABA58162C24134600AC3451 /* Preview Assets.xcassets */ = {isa = PBXFileReference; lastKnownFileType = folder.assetcatalog; path = "Preview Assets.xcassets"; sourceTree = "<group>"; };
/* End PBXFileReference section */

/* Begin PBXFrameworksBuildPhase section */
		3ABA58092C24133000AC3451 /* Frameworks */ = {
			isa = PBXFrameworksBuildPhase;
			buildActionMask = 2147483647;
			files = (
			);
			runOnlyForDeploymentPostprocessing = 0;
		};
/* End PBXFrameworksBuildPhase section */

/* Begin PBXGroup section */
		3A7E3DEC2C2414D600331BED /* Views */ = {
			isa = PBXGroup;
			children = (
				3A7E3DF42C241BA500331BED /* TaskListView.swift */,
				3A7E3DF62C24231800331BED /* AddTaskView.swift */,
			);
			path = Views;
			sourceTree = "<group>";
		};
		3A7E3DED2C2414E300331BED /* ViewModel */ = {
			isa = PBXGroup;
			children = (
				3A7E3DF82C24359800331BED /* ViewModel.swift */,
			);
			path = ViewModel;
			sourceTree = "<group>";
		};
		3A7E3DEE2C2414F600331BED /* Model */ = {
			isa = PBXGroup;
			children = (
				3A7E3DEF2C24162400331BED /* Model.swift */,
			);
			path = Model;
			sourceTree = "<group>";
		};
		3A7E3DF12C24172200331BED /* Extensions */ = {
			isa = PBXGroup;
			children = (
				3A7E3DF22C24176500331BED /* Color+Extension.swift */,
			);
			path = Extensions;
			sourceTree = "<group>";
		};
		3ABA58032C24133000AC3451 = {
			isa = PBXGroup;
			children = (
				3ABA580E2C24133000AC3451 /* Task */,
				3ABA580D2C24133000AC3451 /* Products */,
			);
			sourceTree = "<group>";
		};
		3ABA580D2C24133000AC3451 /* Products */ = {
			isa = PBXGroup;
			children = (
				3ABA580C2C24133000AC3451 /* Task.app */,
			);
			name = Products;
			sourceTree = "<group>";
		};
		3ABA580E2C24133000AC3451 /* Task */ = {
			isa = PBXGroup;
			children = (
				3ABA580F2C24133000AC3451 /* TaskApp.swift */,
				3ABA58112C24133000AC3451 /* ContentView.swift */,
				3A7E3DEC2C2414D600331BED /* Views */,
				3A7E3DED2C2414E300331BED /* ViewModel */,
				3A7E3DEE2C2414F600331BED /* Model */,
				3A7E3DF12C24172200331BED /* Extensions */,
				3ABA58132C24134600AC3451 /* Assets.xcassets */,
				3ABA58152C24134600AC3451 /* Preview Content */,
			);
			path = Task;
			sourceTree = "<group>";
		};
		3ABA58152C24134600AC3451 /* Preview Content */ = {
			isa = PBXGroup;
			children = (
				3ABA58162C24134600AC3451 /* Preview Assets.xcassets */,
			);
			path = "Preview Content";
			sourceTree = "<group>";
		};
/* End PBXGroup section */

/* Begin PBXNativeTarget section */
		3ABA580B2C24133000AC3451 /* Task */ = {
			isa = PBXNativeTarget;
			buildConfigurationList = 3ABA581A2C24134600AC3451 /* Build configuration list for PBXNativeTarget "Task" */;
			buildPhases = (
				3ABA58082C24133000AC3451 /* Sources */,
				3ABA58092C24133000AC3451 /* Frameworks */,
				3ABA580A2C24133000AC3451 /* Resources */,
			);
			buildRules = (
			);
			dependencies = (
			);
			name = Task;
			productName = Task;
			productReference = 3ABA580C2C24133000AC3451 /* Task.app */;
			productType = "com.apple.product-type.application";
		};
/* End PBXNativeTarget section */

/* Begin PBXProject section */
		3ABA58042C24133000AC3451 /* Project object */ = {
			isa = PBXProject;
			attributes = {
				BuildIndependentTargetsInParallel = 1;
				LastSwiftUpdateCheck = 1500;
				LastUpgradeCheck = 1500;
				TargetAttributes = {
					3ABA580B2C24133000AC3451 = {
						CreatedOnToolsVersion = 15.0.1;
					};
				};
			};
			buildConfigurationList = 3ABA58072C24133000AC3451 /* Build configuration list for PBXProject "Task" */;
			compatibilityVersion = "Xcode 14.0";
			developmentRegion = en;
			hasScannedForEncodings = 0;
			knownRegions = (
				en,
				Base,
			);
			mainGroup = 3ABA58032C24133000AC3451;
			productRefGroup = 3ABA580D2C24133000AC3451 /* Products */;
			projectDirPath = "";
			projectRoot = "";
			targets = (
				3ABA580B2C24133000AC3451 /* Task */,
			);
		};
/* End PBXProject section */

/* Begin PBXResourcesBuildPhase section */
		3ABA580A2C24133000AC3451 /* Resources */ = {
			isa = PBXResourcesBuildPhase;
			buildActionMask = 2147483647;
			files = (
				3ABA58172C24134600AC3451 /* Preview Assets.xcassets in Resources */,
				3ABA58142C24134600AC3451 /* Assets.xcassets in Resources */,
			);
			runOnlyForDeploymentPostprocessing = 0;
		};
/* End PBXResourcesBuildPhase section */

/* Begin PBXSourcesBuildPhase section */
		3ABA58082C24133000AC3451 /* Sources */ = {
			isa = PBXSourcesBuildPhase;
			buildActionMask = 2147483647;
			files = (
				3A7E3DF02C24162400331BED /* Model.swift in Sources */,
				3ABA58122C24133000AC3451 /* ContentView.swift in Sources */,
				3A7E3DF52C241BA500331BED /* TaskListView.swift in Sources */,
				3A7E3DF72C24231800331BED /* AddTaskView.swift in Sources */,
				3ABA58102C24133000AC3451 /* TaskApp.swift in Sources */,
				3A7E3DF32C24176500331BED /* Color+Extension.swift in Sources */,
				3A7E3DF92C24359800331BED /* ViewModel.swift in Sources */,
			);
			runOnlyForDeploymentPostprocessing = 0;
		};
/* End PBXSourcesBuildPhase section */

/* Begin XCBuildConfiguration section */
		3ABA58182C24134600AC3451 /* Debug */ = {
			isa = XCBuildConfiguration;
			buildSettings = {
				ALWAYS_SEARCH_USER_PATHS = NO;
				ASSETCATALOG_COMPILER_GENERATE_SWIFT_ASSET_SYMBOL_EXTENSIONS = YES;
				CLANG_ANALYZER_NONNULL = YES;
				CLANG_ANALYZER_NUMBER_OBJECT_CONVERSION = YES_AGGRESSIVE;
				CLANG_CXX_LANGUAGE_STANDARD = "gnu++20";
				CLANG_ENABLE_MODULES = YES;
				CLANG_ENABLE_OBJC_ARC = YES;
				CLANG_ENABLE_OBJC_WEAK = YES;
				CLANG_WARN_BLOCK_CAPTURE_AUTORELEASING = YES;
				CLANG_WARN_BOOL_CONVERSION = YES;
				CLANG_WARN_COMMA = YES;
				CLANG_WARN_CONSTANT_CONVERSION = YES;
				CLANG_WARN_DEPRECATED_OBJC_IMPLEMENTATIONS = YES;
				CLANG_WARN_DIRECT_OBJC_ISA_USAGE = YES_ERROR;
				CLANG_WARN_DOCUMENTATION_COMMENTS = YES;
				CLANG_WARN_EMPTY_BODY = YES;
				CLANG_WARN_ENUM_CONVERSION = YES;
				CLANG_WARN_INFINITE_RECURSION = YES;
				CLANG_WARN_INT_CONVERSION = YES;
				CLANG_WARN_NON_LITERAL_NULL_CONVERSION = YES;
				CLANG_WARN_OBJC_IMPLICIT_RETAIN_SELF = YES;
				CLANG_WARN_OBJC_LITERAL_CONVERSION = YES;
				CLANG_WARN_OBJC_ROOT_CLASS = YES_ERROR;
				CLANG_WARN_QUOTED_INCLUDE_IN_FRAMEWORK_HEADER = YES;
				CLANG_WARN_RANGE_LOOP_ANALYSIS = YES;
				CLANG_WARN_STRICT_PROTOTYPES = YES;
				CLANG_WARN_SUSPICIOUS_MOVE = YES;
				CLANG_WARN_UNGUARDED_AVAILABILITY = YES_AGGRESSIVE;
				CLANG_WARN_UNREACHABLE_CODE = YES;
				CLANG_WARN__DUPLICATE_METHOD_MATCH = YES;
				COPY_PHASE_STRIP = NO;
				DEBUG_INFORMATION_FORMAT = dwarf;
				ENABLE_STRICT_OBJC_MSGSEND = YES;
				ENABLE_TESTABILITY = YES;
				ENABLE_USER_SCRIPT_SANDBOXING = YES;
				GCC_C_LANGUAGE_STANDARD = gnu17;
				GCC_DYNAMIC_NO_PIC = NO;
				GCC_NO_COMMON_BLOCKS = YES;
				GCC_OPTIMIZATION_LEVEL = 0;
				GCC_PREPROCESSOR_DEFINITIONS = (
					"DEBUG=1",
					"$(inherited)",
				);
				GCC_WARN_64_TO_32_BIT_CONVERSION = YES;
				GCC_WARN_ABOUT_RETURN_TYPE = YES_ERROR;
				GCC_WARN_UNDECLARED_SELECTOR = YES;
				GCC_WARN_UNINITIALIZED_AUTOS = YES_AGGRESSIVE;
				GCC_WARN_UNUSED_FUNCTION = YES;
				GCC_WARN_UNUSED_VARIABLE = YES;
				IPHONEOS_DEPLOYMENT_TARGET = 17.0;
				LOCALIZATION_PREFERS_STRING_CATALOGS = YES;
				MTL_ENABLE_DEBUG_INFO = INCLUDE_SOURCE;
				MTL_FAST_MATH = YES;
				ONLY_ACTIVE_ARCH = YES;
				SDKROOT = iphoneos;
				SWIFT_ACTIVE_COMPILATION_CONDITIONS = "DEBUG $(inherited)";
				SWIFT_OPTIMIZATION_LEVEL = "-Onone";
			};
			name = Debug;
		};
		3ABA58192C24134600AC3451 /* Release */ = {
			isa = XCBuildConfiguration;
			buildSettings = {
				ALWAYS_SEARCH_USER_PATHS = NO;
				ASSETCATALOG_COMPILER_GENERATE_SWIFT_ASSET_SYMBOL_EXTENSIONS = YES;
				CLANG_ANALYZER_NONNULL = YES;
				CLANG_ANALYZER_NUMBER_OBJECT_CONVERSION = YES_AGGRESSIVE;
				CLANG_CXX_LANGUAGE_STANDARD = "gnu++20";
				CLANG_ENABLE_MODULES = YES;
				CLANG_ENABLE_OBJC_ARC = YES;
				CLANG_ENABLE_OBJC_WEAK = YES;
				CLANG_WARN_BLOCK_CAPTURE_AUTORELEASING = YES;
				CLANG_WARN_BOOL_CONVERSION = YES;
				CLANG_WARN_COMMA = YES;
				CLANG_WARN_CONSTANT_CONVERSION = YES;
				CLANG_WARN_DEPRECATED_OBJC_IMPLEMENTATIONS = YES;
				CLANG_WARN_DIRECT_OBJC_ISA_USAGE = YES_ERROR;
				CLANG_WARN_DOCUMENTATION_COMMENTS = YES;
				CLANG_WARN_EMPTY_BODY = YES;
				CLANG_WARN_ENUM_CONVERSION = YES;
				CLANG_WARN_INFINITE_RECURSION = YES;
				CLANG_WARN_INT_CONVERSION = YES;
				CLANG_WARN_NON_LITERAL_NULL_CONVERSION = YES;
				CLANG_WARN_OBJC_IMPLICIT_RETAIN_SELF = YES;
				CLANG_WARN_OBJC_LITERAL_CONVERSION = YES;
				CLANG_WARN_OBJC_ROOT_CLASS = YES_ERROR;
				CLANG_WARN_QUOTED_INCLUDE_IN_FRAMEWORK_HEADER = YES;
				CLANG_WARN_RANGE_LOOP_ANALYSIS = YES;
				CLANG_WARN_STRICT_PROTOTYPES = YES;
				CLANG_WARN_SUSPICIOUS_MOVE = YES;
				CLANG_WARN_UNGUARDED_AVAILABILITY = YES_AGGRESSIVE;
				CLANG_WARN_UNREACHABLE_CODE = YES;
				CLANG_WARN__DUPLICATE_METHOD_MATCH = YES;
				COPY_PHASE_STRIP = NO;
				DEBUG_INFORMATION_FORMAT = "dwarf-with-dsym";
				ENABLE_NS_ASSERTIONS = NO;
				ENABLE_STRICT_OBJC_MSGSEND = YES;
				ENABLE_USER_SCRIPT_SANDBOXING = YES;
				GCC_C_LANGUAGE_STANDARD = gnu17;
				GCC_NO_COMMON_BLOCKS = YES;
				GCC_WARN_64_TO_32_BIT_CONVERSION = YES;
				GCC_WARN_ABOUT_RETURN_TYPE = YES_ERROR;
				GCC_WARN_UNDECLARED_SELECTOR = YES;
				GCC_WARN_UNINITIALIZED_AUTOS = YES_AGGRESSIVE;
				GCC_WARN_UNUSED_FUNCTION = YES;
				GCC_WARN_UNUSED_VARIABLE = YES;
				IPHONEOS_DEPLOYMENT_TARGET = 17.0;
				LOCALIZATION_PREFERS_STRING_CATALOGS = YES;
				MTL_ENABLE_DEBUG_INFO = NO;
				MTL_FAST_MATH = YES;
				SDKROOT = iphoneos;
				SWIFT_COMPILATION_MODE = wholemodule;
				VALIDATE_PRODUCT = YES;
			};
			name = Release;
		};
		3ABA581B2C24134600AC3451 /* Debug */ = {
			isa = XCBuildConfiguration;
			buildSettings = {
				ASSETCATALOG_COMPILER_APPICON_NAME = AppIcon;
				ASSETCATALOG_COMPILER_GLOBAL_ACCENT_COLOR_NAME = AccentColor;
				CODE_SIGN_STYLE = Automatic;
				CURRENT_PROJECT_VERSION = 1;
				DEVELOPMENT_ASSET_PATHS = "\"Task/Preview Content\"";
				ENABLE_PREVIEWS = YES;
				GENERATE_INFOPLIST_FILE = YES;
				INFOPLIST_KEY_UIApplicationSceneManifest_Generation = YES;
				INFOPLIST_KEY_UIApplicationSupportsIndirectInputEvents = YES;
				INFOPLIST_KEY_UILaunchScreen_Generation = YES;
				INFOPLIST_KEY_UISupportedInterfaceOrientations = UIInterfaceOrientationPortrait;
				INFOPLIST_KEY_UISupportedInterfaceOrientations_iPad = "UIInterfaceOrientationLandscapeLeft UIInterfaceOrientationLandscapeRight UIInterfaceOrientationPortrait UIInterfaceOrientationPortraitUpsideDown";
				LD_RUNPATH_SEARCH_PATHS = (
					"$(inherited)",
					"@executable_path/Frameworks",
				);
				MARKETING_VERSION = 1.0;
				PRODUCT_BUNDLE_IDENTIFIER = "--------------.Task";
				PRODUCT_NAME = "$(TARGET_NAME)";
				SUPPORTED_PLATFORMS = "iphoneos iphonesimulator";
				SUPPORTS_MACCATALYST = NO;
				SUPPORTS_MAC_DESIGNED_FOR_IPHONE_IPAD = NO;
				SWIFT_EMIT_LOC_STRINGS = YES;
				SWIFT_VERSION = 5.0;
				TARGETED_DEVICE_FAMILY = 1;
			};
			name = Debug;
		};
		3ABA581C2C24134600AC3451 /* Release */ = {
			isa = XCBuildConfiguration;
			buildSettings = {
				ASSETCATALOG_COMPILER_APPICON_NAME = AppIcon;
				ASSETCATALOG_COMPILER_GLOBAL_ACCENT_COLOR_NAME = AccentColor;
				CODE_SIGN_STYLE = Automatic;
				CURRENT_PROJECT_VERSION = 1;
				DEVELOPMENT_ASSET_PATHS = "\"Task/Preview Content\"";
				ENABLE_PREVIEWS = YES;
				GENERATE_INFOPLIST_FILE = YES;
				INFOPLIST_KEY_UIApplicationSceneManifest_Generation = YES;
				INFOPLIST_KEY_UIApplicationSupportsIndirectInputEvents = YES;
				INFOPLIST_KEY_UILaunchScreen_Generation = YES;
				INFOPLIST_KEY_UISupportedInterfaceOrientations = UIInterfaceOrientationPortrait;
				INFOPLIST_KEY_UISupportedInterfaceOrientations_iPad = "UIInterfaceOrientationLandscapeLeft UIInterfaceOrientationLandscapeRight UIInterfaceOrientationPortrait UIInterfaceOrientationPortraitUpsideDown";
				LD_RUNPATH_SEARCH_PATHS = (
					"$(inherited)",
					"@executable_path/Frameworks",
				);
				MARKETING_VERSION = 1.0;
				PRODUCT_BUNDLE_IDENTIFIER = "--------------.Task";
				PRODUCT_NAME = "$(TARGET_NAME)";
				SUPPORTED_PLATFORMS = "iphoneos iphonesimulator";
				SUPPORTS_MACCATALYST = NO;
				SUPPORTS_MAC_DESIGNED_FOR_IPHONE_IPAD = NO;
				SWIFT_EMIT_LOC_STRINGS = YES;
				SWIFT_VERSION = 5.0;
				TARGETED_DEVICE_FAMILY = 1;
			};
			name = Release;
		};
/* End XCBuildConfiguration section */

/* Begin XCConfigurationList section */
		3ABA58072C24133000AC3451 /* Build configuration list for PBXProject "Task" */ = {
			isa = XCConfigurationList;
			buildConfigurations = (
				3ABA58182C24134600AC3451 /* Debug */,
				3ABA58192C24134600AC3451 /* Release */,
			);
			defaultConfigurationIsVisible = 0;
			defaultConfigurationName = Release;
		};
		3ABA581A2C24134600AC3451 /* Build configuration list for PBXNativeTarget "Task" */ = {
			isa = XCConfigurationList;
			buildConfigurations = (
				3ABA581B2C24134600AC3451 /* Debug */,
				3ABA581C2C24134600AC3451 /* Release */,
			);
			defaultConfigurationIsVisible = 0;
			defaultConfigurationName = Release;
		};
/* End XCConfigurationList section */
	};
	rootObject = 3ABA58042C24133000AC3451 /* Project object */;
}
